# THIS IS AN AUTOGENERATED FILE. DO NOT EDIT THIS FILE DIRECTLY.
# yarn lockfile v1


"@remix-run/router@1.0.2":
  version "1.0.2"
  resolved "https://registry.yarnpkg.com/@remix-run/router/-/router-1.0.2.tgz#1c17eadb2fa77f80a796ad5ea9bf108e6993ef06"
  integrity sha512-GRSOFhJzjGN+d4sKHTMSvNeUPoZiDHWmRnXfzaxrqe7dE/Nzlc8BiMSJdLDESZlndM7jIUrZ/F4yWqVYlI0rwQ==

react-router-dom@^6.4.2:
  version "6.4.2"
  resolved "https://registry.yarnpkg.com/react-router-dom/-/react-router-dom-6.4.2.tgz#115b37d501d6d8ac870683694978c51c43e6c0d2"
  integrity sha512-yM1kjoTkpfjgczPrcyWrp+OuQMyB1WleICiiGfstnQYo/S8hPEEnVjr/RdmlH6yKK4Tnj1UGXFSa7uwAtmDoLQ==
  dependencies:
    "@remix-run/router" "1.0.2"
    react-router "6.4.2"

react-router@6.4.2:
  version "6.4.2"
  resolved "https://registry.yarnpkg.com/react-router/-/react-router-6.4.2.tgz#300628ee9ed81b8ef1597b5cb98b474efe9779b8"
  integrity sha512-Rb0BAX9KHhVzT1OKhMvCDMw776aTYM0DtkxqUBP8dNBom3mPXlfNs76JNGK8wKJ1IZEY1+WGj+cvZxHVk/GiKw==
  dependencies:
    "@remix-run/router" "1.0.2"
